
Microsoft Visual Studio Solution File, Format Version 12.00
# Visual Studio Version 17
VisualStudioVersion = 17.5.33424.131
MinimumVisualStudioVersion = 10.0.40219.1
Project("{FAE04EC0-301F-11D3-BF4B-00C04F79EFBC}") = "Miles", "Miles\Miles.csproj", "{F08CCDAC-7511-4C12-AA1A-DF2E7EE68144}"
EndProject
Global
	GlobalSection(SolutionConfigurationPlatforms) = preSolution
		Debug|Any CPU = Debug|Any CPU
		Release|Any CPU = Release|Any CPU
	EndGlobalSection
	GlobalSection(ProjectConfigurationPlatforms) = postSolution
		{F08CCDAC-7511-4C12-AA1A-DF2E7EE68144}.Debug|Any CPU.ActiveCfg = Debug|Any CPU
		{F08CCDAC-7511-4C12-AA1A-DF2E7EE68144}.Debug|Any CPU.Build.0 = Debug|Any CPU
		{F08CCDAC-7511-4C12-AA1A-DF2E7EE68144}.Release|Any CPU.ActiveCfg = Release|Any CPU
		{F08CCDAC-7511-4C12-AA1A-DF2E7EE68144}.Release|Any CPU.Build.0 = Release|Any CPU
	EndGlobalSection
	GlobalSection(SolutionProperties) = preSolution
		HideSolutionNode = FALSE
	EndGlobalSection
	GlobalSection(ExtensibilityGlobals) = postSolution
		SolutionGuid = {EF88E4B8-3ED0-42C4-B226-1D38657AA807}
	EndGlobalSection
EndGlobal
